
Microsoft Visual Studio Solution File, Format Version 12.00
Project("{FAE04EC0-301F-11D3-BF4B-00C04F79EFBC}") = "RestifyNet", "RestifyNet\RestifyNet.csproj", "{0C4D94D1-DC76-4792-A6EE-68697F243461}"
EndProject
Project("{FAE04EC0-301F-11D3-BF4B-00C04F79EFBC}") = "DescribableEnumAnalyzer", "DescribableEnumAnalyzer\DescribableEnumAnalyzer.csproj", "{E5D1D679-0502-4936-A76E-9C22974BE884}"
EndProject
Global
	GlobalSection(SolutionConfigurationPlatforms) = preSolution
		Debug|Any CPU = Debug|Any CPU
		Release|Any CPU = Release|Any CPU
	EndGlobalSection
	GlobalSection(ProjectConfigurationPlatforms) = postSolution
		{0C4D94D1-DC76-4792-A6EE-68697F243461}.Debug|Any CPU.ActiveCfg = Debug|Any CPU
		{0C4D94D1-DC76-4792-A6EE-68697F243461}.Debug|Any CPU.Build.0 = Debug|Any CPU
		{0C4D94D1-DC76-4792-A6EE-68697F243461}.Release|Any CPU.ActiveCfg = Release|Any CPU
		{0C4D94D1-DC76-4792-A6EE-68697F243461}.Release|Any CPU.Build.0 = Release|Any CPU
		{E5D1D679-0502-4936-A76E-9C22974BE884}.Debug|Any CPU.ActiveCfg = Debug|Any CPU
		{E5D1D679-0502-4936-A76E-9C22974BE884}.Debug|Any CPU.Build.0 = Debug|Any CPU
		{E5D1D679-0502-4936-A76E-9C22974BE884}.Release|Any CPU.ActiveCfg = Release|Any CPU
		{E5D1D679-0502-4936-A76E-9C22974BE884}.Release|Any CPU.Build.0 = Release|Any CPU
	EndGlobalSection
EndGlobal
